
Microsoft Visual Studio Solution File, Format Version 12.00
# Visual Studio Version 17
VisualStudioVersion = 17.10.35013.160
MinimumVisualStudioVersion = 10.0.40219.1
Project("{9A19103F-16F7-4668-BE54-9A1E7A4F7556}") = "SAE401-API", "SAE401-API\SAE401-API.csproj", "{3EAB5A1E-FE78-4AD4-AEC9-378D27AB572D}"
EndProject
Project("{FAE04EC0-301F-11D3-BF4B-00C04F79EFBC}") = "SAE401-APITests", "SAE401-APITests\SAE401-APITests.csproj", "{33CE9463-BCF6-4A5E-9BE7-54816768EF00}"
EndProject
Global
	GlobalSection(SolutionConfigurationPlatforms) = preSolution
		Debug|Any CPU = Debug|Any CPU
		Release|Any CPU = Release|Any CPU
	EndGlobalSection
	GlobalSection(ProjectConfigurationPlatforms) = postSolution
		{3EAB5A1E-FE78-4AD4-AEC9-378D27AB572D}.Debug|Any CPU.ActiveCfg = Debug|Any CPU
		{3EAB5A1E-FE78-4AD4-AEC9-378D27AB572D}.Debug|Any CPU.Build.0 = Debug|Any CPU
		{3EAB5A1E-FE78-4AD4-AEC9-378D27AB572D}.Release|Any CPU.ActiveCfg = Release|Any CPU
		{3EAB5A1E-FE78-4AD4-AEC9-378D27AB572D}.Release|Any CPU.Build.0 = Release|Any CPU
		{33CE9463-BCF6-4A5E-9BE7-54816768EF00}.Debug|Any CPU.ActiveCfg = Debug|Any CPU
		{33CE9463-BCF6-4A5E-9BE7-54816768EF00}.Debug|Any CPU.Build.0 = Debug|Any CPU
		{33CE9463-BCF6-4A5E-9BE7-54816768EF00}.Release|Any CPU.ActiveCfg = Release|Any CPU
		{33CE9463-BCF6-4A5E-9BE7-54816768EF00}.Release|Any CPU.Build.0 = Release|Any CPU
	EndGlobalSection
	GlobalSection(SolutionProperties) = preSolution
		HideSolutionNode = FALSE
	EndGlobalSection
	GlobalSection(ExtensibilityGlobals) = postSolution
		SolutionGuid = {97CBCA04-D45F-4314-B1A1-5E938C5A4B9C}
	EndGlobalSection
EndGlobal
